
Microsoft Visual Studio Solution File, Format Version 12.00
Project("{FAE04EC0-301F-11D3-BF4B-00C04F79EFBC}") = "WebApi_Serilog", "WebApi_Serilog.csproj", "{9BE35180-682A-42D7-801B-8BA031974478}"
EndProject
Global
	GlobalSection(SolutionConfigurationPlatforms) = preSolution
		Debug|Any CPU = Debug|Any CPU
		Release|Any CPU = Release|Any CPU
	EndGlobalSection
	GlobalSection(ProjectConfigurationPlatforms) = postSolution
		{9BE35180-682A-42D7-801B-8BA031974478}.Debug|Any CPU.ActiveCfg = Debug|Any CPU
		{9BE35180-682A-42D7-801B-8BA031974478}.Debug|Any CPU.Build.0 = Debug|Any CPU
		{9BE35180-682A-42D7-801B-8BA031974478}.Release|Any CPU.ActiveCfg = Release|Any CPU
		{9BE35180-682A-42D7-801B-8BA031974478}.Release|Any CPU.Build.0 = Release|Any CPU
	EndGlobalSection
EndGlobal
